
Microsoft Visual Studio Solution File, Format Version 12.00
Project("{2150E333-8FDC-42A3-9474-1A3956D46DE8}") = "Server", "Server", "{D7E684AA-D6E7-4104-A8DC-3285600A50D0}"
EndProject
Project("{FAE04EC0-301F-11D3-BF4B-00C04F79EFBC}") = "Entities", "Entities\Entities.csproj", "{33AD2AF9-6E2A-442D-AF45-4B129D818450}"
EndProject
Project("{FAE04EC0-301F-11D3-BF4B-00C04F79EFBC}") = "RepositoryContracts", "RepositoryContracts\RepositoryContracts.csproj", "{1A7C1A7E-2FD4-4995-86F7-3E2DAD78A7F6}"
EndProject
Project("{FAE04EC0-301F-11D3-BF4B-00C04F79EFBC}") = "InMemoryRepositories", "InMemoryRepositories\InMemoryRepositories.csproj", "{85728EE5-82DA-4B34-8AE0-6F3FAA6E9890}"
EndProject
Project("{FAE04EC0-301F-11D3-BF4B-00C04F79EFBC}") = "CLI", "Server\CLI\CLI.csproj", "{8E0FE69F-6ADE-477E-ADCC-4E3DF3B0151C}"
EndProject
Project("{FAE04EC0-301F-11D3-BF4B-00C04F79EFBC}") = "FileRepositories", "Server\FileRepositories\FileRepositories.csproj", "{AD3A3F26-A1A5-4CE8-B0A2-399C3FB5574A}"
EndProject
Project("{2150E333-8FDC-42A3-9474-1A3956D46DE8}") = "Shared", "Shared", "{57C57B81-7B12-47DA-9FED-921381607DB8}"
EndProject
Project("{FAE04EC0-301F-11D3-BF4B-00C04F79EFBC}") = "ApiContracts", "Shared\ApiContracts\ApiContracts.csproj", "{68E551F7-0210-4B8E-8BE6-8428B616BD9C}"
EndProject
Project("{FAE04EC0-301F-11D3-BF4B-00C04F79EFBC}") = "WebAPI", "Server\WebAPI\WebAPI.csproj", "{45E64689-F835-45A4-A585-E97267D0C22F}"
EndProject
Project("{2150E333-8FDC-42A3-9474-1A3956D46DE8}") = "Client", "Client", "{619A3858-C4A3-4214-843E-9E623696C261}"
EndProject
Project("{FAE04EC0-301F-11D3-BF4B-00C04F79EFBC}") = "BlazorApp", "Client\BlazorApp\BlazorApp.csproj", "{02AC018C-D60E-4DDA-B393-C740675B0D3B}"
EndProject
Global
	GlobalSection(SolutionConfigurationPlatforms) = preSolution
		Debug|Any CPU = Debug|Any CPU
		Release|Any CPU = Release|Any CPU
	EndGlobalSection
	GlobalSection(NestedProjects) = preSolution
		{33AD2AF9-6E2A-442D-AF45-4B129D818450} = {D7E684AA-D6E7-4104-A8DC-3285600A50D0}
		{1A7C1A7E-2FD4-4995-86F7-3E2DAD78A7F6} = {D7E684AA-D6E7-4104-A8DC-3285600A50D0}
		{85728EE5-82DA-4B34-8AE0-6F3FAA6E9890} = {D7E684AA-D6E7-4104-A8DC-3285600A50D0}
		{8E0FE69F-6ADE-477E-ADCC-4E3DF3B0151C} = {D7E684AA-D6E7-4104-A8DC-3285600A50D0}
		{AD3A3F26-A1A5-4CE8-B0A2-399C3FB5574A} = {D7E684AA-D6E7-4104-A8DC-3285600A50D0}
		{68E551F7-0210-4B8E-8BE6-8428B616BD9C} = {57C57B81-7B12-47DA-9FED-921381607DB8}
		{45E64689-F835-45A4-A585-E97267D0C22F} = {D7E684AA-D6E7-4104-A8DC-3285600A50D0}
		{02AC018C-D60E-4DDA-B393-C740675B0D3B} = {619A3858-C4A3-4214-843E-9E623696C261}
	EndGlobalSection
	GlobalSection(ProjectConfigurationPlatforms) = postSolution
		{33AD2AF9-6E2A-442D-AF45-4B129D818450}.Debug|Any CPU.ActiveCfg = Debug|Any CPU
		{33AD2AF9-6E2A-442D-AF45-4B129D818450}.Debug|Any CPU.Build.0 = Debug|Any CPU
		{33AD2AF9-6E2A-442D-AF45-4B129D818450}.Release|Any CPU.ActiveCfg = Release|Any CPU
		{33AD2AF9-6E2A-442D-AF45-4B129D818450}.Release|Any CPU.Build.0 = Release|Any CPU
		{1A7C1A7E-2FD4-4995-86F7-3E2DAD78A7F6}.Debug|Any CPU.ActiveCfg = Debug|Any CPU
		{1A7C1A7E-2FD4-4995-86F7-3E2DAD78A7F6}.Debug|Any CPU.Build.0 = Debug|Any CPU
		{1A7C1A7E-2FD4-4995-86F7-3E2DAD78A7F6}.Release|Any CPU.ActiveCfg = Release|Any CPU
		{1A7C1A7E-2FD4-4995-86F7-3E2DAD78A7F6}.Release|Any CPU.Build.0 = Release|Any CPU
		{85728EE5-82DA-4B34-8AE0-6F3FAA6E9890}.Debug|Any CPU.ActiveCfg = Debug|Any CPU
		{85728EE5-82DA-4B34-8AE0-6F3FAA6E9890}.Debug|Any CPU.Build.0 = Debug|Any CPU
		{85728EE5-82DA-4B34-8AE0-6F3FAA6E9890}.Release|Any CPU.ActiveCfg = Release|Any CPU
		{85728EE5-82DA-4B34-8AE0-6F3FAA6E9890}.Release|Any CPU.Build.0 = Release|Any CPU
		{8E0FE69F-6ADE-477E-ADCC-4E3DF3B0151C}.Debug|Any CPU.ActiveCfg = Debug|Any CPU
		{8E0FE69F-6ADE-477E-ADCC-4E3DF3B0151C}.Debug|Any CPU.Build.0 = Debug|Any CPU
		{8E0FE69F-6ADE-477E-ADCC-4E3DF3B0151C}.Release|Any CPU.ActiveCfg = Release|Any CPU
		{8E0FE69F-6ADE-477E-ADCC-4E3DF3B0151C}.Release|Any CPU.Build.0 = Release|Any CPU
		{AD3A3F26-A1A5-4CE8-B0A2-399C3FB5574A}.Debug|Any CPU.ActiveCfg = Debug|Any CPU
		{AD3A3F26-A1A5-4CE8-B0A2-399C3FB5574A}.Debug|Any CPU.Build.0 = Debug|Any CPU
		{AD3A3F26-A1A5-4CE8-B0A2-399C3FB5574A}.Release|Any CPU.ActiveCfg = Release|Any CPU
		{AD3A3F26-A1A5-4CE8-B0A2-399C3FB5574A}.Release|Any CPU.Build.0 = Release|Any CPU
		{68E551F7-0210-4B8E-8BE6-8428B616BD9C}.Debug|Any CPU.ActiveCfg = Debug|Any CPU
		{68E551F7-0210-4B8E-8BE6-8428B616BD9C}.Debug|Any CPU.Build.0 = Debug|Any CPU
		{68E551F7-0210-4B8E-8BE6-8428B616BD9C}.Release|Any CPU.ActiveCfg = Release|Any CPU
		{68E551F7-0210-4B8E-8BE6-8428B616BD9C}.Release|Any CPU.Build.0 = Release|Any CPU
		{45E64689-F835-45A4-A585-E97267D0C22F}.Debug|Any CPU.ActiveCfg = Debug|Any CPU
		{45E64689-F835-45A4-A585-E97267D0C22F}.Debug|Any CPU.Build.0 = Debug|Any CPU
		{45E64689-F835-45A4-A585-E97267D0C22F}.Release|Any CPU.ActiveCfg = Release|Any CPU
		{45E64689-F835-45A4-A585-E97267D0C22F}.Release|Any CPU.Build.0 = Release|Any CPU
		{02AC018C-D60E-4DDA-B393-C740675B0D3B}.Debug|Any CPU.ActiveCfg = Debug|Any CPU
		{02AC018C-D60E-4DDA-B393-C740675B0D3B}.Debug|Any CPU.Build.0 = Debug|Any CPU
		{02AC018C-D60E-4DDA-B393-C740675B0D3B}.Release|Any CPU.ActiveCfg = Release|Any CPU
		{02AC018C-D60E-4DDA-B393-C740675B0D3B}.Release|Any CPU.Build.0 = Release|Any CPU
	EndGlobalSection
EndGlobal
